
Microsoft Visual Studio Solution File, Format Version 12.00
# Visual Studio Version 17
VisualStudioVersion = 17.13.35919.96 d17.13
MinimumVisualStudioVersion = 10.0.40219.1
Project("{FAE04EC0-301F-11D3-BF4B-00C04F79EFBC}") = "ServerSide-HW", "ServerSide-HW.csproj", "{6509C39F-A1F8-48AE-B544-7163DF9DF0CB}"
EndProject
Global
	GlobalSection(SolutionConfigurationPlatforms) = preSolution
		Debug|Any CPU = Debug|Any CPU
		Release|Any CPU = Release|Any CPU
	EndGlobalSection
	GlobalSection(ProjectConfigurationPlatforms) = postSolution
		{6509C39F-A1F8-48AE-B544-7163DF9DF0CB}.Debug|Any CPU.ActiveCfg = Debug|Any CPU
		{6509C39F-A1F8-48AE-B544-7163DF9DF0CB}.Debug|Any CPU.Build.0 = Debug|Any CPU
		{6509C39F-A1F8-48AE-B544-7163DF9DF0CB}.Release|Any CPU.ActiveCfg = Release|Any CPU
		{6509C39F-A1F8-48AE-B544-7163DF9DF0CB}.Release|Any CPU.Build.0 = Release|Any CPU
	EndGlobalSection
	GlobalSection(SolutionProperties) = preSolution
		HideSolutionNode = FALSE
	EndGlobalSection
	GlobalSection(ExtensibilityGlobals) = postSolution
		SolutionGuid = {C8386AAD-2635-47CC-A0F1-06F2B851DA75}
	EndGlobalSection
EndGlobal
